
Microsoft Visual Studio Solution File, Format Version 12.00
# Visual Studio Version 16
VisualStudioVersion = 16.0.29728.190
MinimumVisualStudioVersion = 10.0.40219.1
Project("{FAE04EC0-301F-11D3-BF4B-00C04F79EFBC}") = "Workers.WebUI", "Workers.WebUI\Workers.WebUI.csproj", "{CA7196FE-7393-4C76-B984-093E309088EE}"
EndProject
Project("{FAE04EC0-301F-11D3-BF4B-00C04F79EFBC}") = "Workers.Data", "Workers.Data\Workers.Data.csproj", "{AD0B67D3-9A51-4747-A739-3C01F1945AE4}"
EndProject
Global
	GlobalSection(SolutionConfigurationPlatforms) = preSolution
		Debug|Any CPU = Debug|Any CPU
		Release|Any CPU = Release|Any CPU
	EndGlobalSection
	GlobalSection(ProjectConfigurationPlatforms) = postSolution
		{CA7196FE-7393-4C76-B984-093E309088EE}.Debug|Any CPU.ActiveCfg = Debug|Any CPU
		{CA7196FE-7393-4C76-B984-093E309088EE}.Debug|Any CPU.Build.0 = Debug|Any CPU
		{CA7196FE-7393-4C76-B984-093E309088EE}.Release|Any CPU.ActiveCfg = Release|Any CPU
		{CA7196FE-7393-4C76-B984-093E309088EE}.Release|Any CPU.Build.0 = Release|Any CPU
		{AD0B67D3-9A51-4747-A739-3C01F1945AE4}.Debug|Any CPU.ActiveCfg = Debug|Any CPU
		{AD0B67D3-9A51-4747-A739-3C01F1945AE4}.Debug|Any CPU.Build.0 = Debug|Any CPU
		{AD0B67D3-9A51-4747-A739-3C01F1945AE4}.Release|Any CPU.ActiveCfg = Release|Any CPU
		{AD0B67D3-9A51-4747-A739-3C01F1945AE4}.Release|Any CPU.Build.0 = Release|Any CPU
	EndGlobalSection
	GlobalSection(SolutionProperties) = preSolution
		HideSolutionNode = FALSE
	EndGlobalSection
	GlobalSection(ExtensibilityGlobals) = postSolution
		SolutionGuid = {5A618C94-6764-455C-AB0D-AE89A23268C1}
	EndGlobalSection
EndGlobal
